// !$*UTF8*$!
{
	archiveVersion = 1;
	classes = {
	};
	objectVersion = 46;
	objects = {

/* Begin PBXBuildFile section */
		52F375B3D1D8E983F1A9EB49 /* Pods_JLChatViewController_Example.framework in Frameworks */ = {isa = PBXBuildFile; fileRef = 021AEE7BDD6CCE3D2FE56347 /* Pods_JLChatViewController_Example.framework */; };
		579B0B1F201607C10084E519 /* JLChatViewController.h in Headers */ = {isa = PBXBuildFile; fileRef = 579B0B1D201607C10084E519 /* JLChatViewController.h */; settings = {ATTRIBUTES = (Public, ); }; };
		579B0B37201609150084E519 /* JLUserTypingView.swift in Sources */ = {isa = PBXBuildFile; fileRef = 579B0B25201609140084E519 /* JLUserTypingView.swift */; };
		579B0B38201609150084E519 /* JLChatLabel.swift in Sources */ = {isa = PBXBuildFile; fileRef = 579B0B26201609140084E519 /* JLChatLabel.swift */; };
		579B0B39201609150084E519 /* JLChatToolBar.swift in Sources */ = {isa = PBXBuildFile; fileRef = 579B0B27201609140084E519 /* JLChatToolBar.swift */; };
		579B0B3A201609150084E519 /* JLChatTextView.swift in Sources */ = {isa = PBXBuildFile; fileRef = 579B0B28201609140084E519 /* JLChatTextView.swift */; };
		579B0B3B201609150084E519 /* JLChatDateView.swift in Sources */ = {isa = PBXBuildFile; fileRef = 579B0B29201609140084E519 /* JLChatDateView.swift */; };
		579B0B3C201609150084E519 /* JLTextMessageCell.swift in Sources */ = {isa = PBXBuildFile; fileRef = 579B0B2A201609140084E519 /* JLTextMessageCell.swift */; };
		579B0B3D201609150084E519 /* JLCustomTextView.swift in Sources */ = {isa = PBXBuildFile; fileRef = 579B0B2B201609140084E519 /* JLCustomTextView.swift */; };
		579B0B3E201609150084E519 /* JLChatAppearence.swift in Sources */ = {isa = PBXBuildFile; fileRef = 579B0B2C201609140084E519 /* JLChatAppearence.swift */; };
		579B0B3F201609150084E519 /* JLFile.swift in Sources */ = {isa = PBXBuildFile; fileRef = 579B0B2D201609140084E519 /* JLFile.swift */; };
		579B0B40201609150084E519 /* JLFileIndicatorView.swift in Sources */ = {isa = PBXBuildFile; fileRef = 579B0B2E201609140084E519 /* JLFileIndicatorView.swift */; };
		579B0B41201609150084E519 /* JLChatTableView.swift in Sources */ = {isa = PBXBuildFile; fileRef = 579B0B2F201609140084E519 /* JLChatTableView.swift */; };
		579B0B42201609150084E519 /* JLMessage.swift in Sources */ = {isa = PBXBuildFile; fileRef = 579B0B30201609140084E519 /* JLMessage.swift */; };
		579B0B43201609150084E519 /* JLChatViewController.swift in Sources */ = {isa = PBXBuildFile; fileRef = 579B0B31201609140084E519 /* JLChatViewController.swift */; };
		579B0B44201609150084E519 /* JLImageMessageCell.swift in Sources */ = {isa = PBXBuildFile; fileRef = 579B0B32201609150084E519 /* JLImageMessageCell.swift */; };
		579B0B45201609150084E519 /* JLChatMessageCell.swift in Sources */ = {isa = PBXBuildFile; fileRef = 579B0B33201609150084E519 /* JLChatMessageCell.swift */; };
		579B0B46201609150084E519 /* JLChatImageView.swift in Sources */ = {isa = PBXBuildFile; fileRef = 579B0B34201609150084E519 /* JLChatImageView.swift */; };
		579B0B47201609150084E519 /* JLChatLoadingView.swift in Sources */ = {isa = PBXBuildFile; fileRef = 579B0B35201609150084E519 /* JLChatLoadingView.swift */; };
		579B0B48201609150084E519 /* JLBundleController.swift in Sources */ = {isa = PBXBuildFile; fileRef = 579B0B36201609150084E519 /* JLBundleController.swift */; };
		607FACD61AFB9204008FA782 /* AppDelegate.swift in Sources */ = {isa = PBXBuildFile; fileRef = 607FACD51AFB9204008FA782 /* AppDelegate.swift */; };
		607FACD81AFB9204008FA782 /* MyViewController.swift in Sources */ = {isa = PBXBuildFile; fileRef = 607FACD71AFB9204008FA782 /* MyViewController.swift */; };
		607FACDB1AFB9204008FA782 /* Main.storyboard in Resources */ = {isa = PBXBuildFile; fileRef = 607FACD91AFB9204008FA782 /* Main.storyboard */; };
		607FACDD1AFB9204008FA782 /* Images.xcassets in Resources */ = {isa = PBXBuildFile; fileRef = 607FACDC1AFB9204008FA782 /* Images.xcassets */; };
		607FACE01AFB9204008FA782 /* LaunchScreen.xib in Resources */ = {isa = PBXBuildFile; fileRef = 607FACDE1AFB9204008FA782 /* LaunchScreen.xib */; };
		607FACEC1AFB9204008FA782 /* Tests.swift in Sources */ = {isa = PBXBuildFile; fileRef = 607FACEB1AFB9204008FA782 /* Tests.swift */; };
		885FCC851C1C3E0D00896797 /* ProductMessageCell.swift in Sources */ = {isa = PBXBuildFile; fileRef = 885FCC841C1C3E0D00896797 /* ProductMessageCell.swift */; };
		885FCC871C1C4E6B00896797 /* ProductMessage.swift in Sources */ = {isa = PBXBuildFile; fileRef = 885FCC861C1C4E6B00896797 /* ProductMessage.swift */; };
		885FCC8C1C1C597900896797 /* IncomingProductMessageCell.xib in Resources */ = {isa = PBXBuildFile; fileRef = 885FCC8B1C1C597900896797 /* IncomingProductMessageCell.xib */; };
		8875AEE11D10D1DE00E230CC /* CustomChatDateView.xib in Resources */ = {isa = PBXBuildFile; fileRef = 8875AEE01D10D1DE00E230CC /* CustomChatDateView.xib */; };
		8875AEE31D10D2DE00E230CC /* CustomChatDateView.swift in Sources */ = {isa = PBXBuildFile; fileRef = 8875AEE21D10D2DE00E230CC /* CustomChatDateView.swift */; };
		8884574E1D46128000544DDE /* CustomImagePickerController.swift in Sources */ = {isa = PBXBuildFile; fileRef = 8884574D1D46128000544DDE /* CustomImagePickerController.swift */; };
		88A423B91D1B62ED00A1E5FF /* UnreadMessHeaderView.xib in Resources */ = {isa = PBXBuildFile; fileRef = 88A423B81D1B62ED00A1E5FF /* UnreadMessHeaderView.xib */; };
		88A423BB1D1B63B700A1E5FF /* UnreadMessHeaderView.swift in Sources */ = {isa = PBXBuildFile; fileRef = 88A423BA1D1B63B700A1E5FF /* UnreadMessHeaderView.swift */; };
		88A6EA301C1BB8F900A5CCDC /* OutgoingProductMessageCell.xib in Resources */ = {isa = PBXBuildFile; fileRef = 88A6EA2F1C1BB8F900A5CCDC /* OutgoingProductMessageCell.xib */; };
		88BEA0A31C15CF74003FCFAE /* ShowChatViewController.swift in Sources */ = {isa = PBXBuildFile; fileRef = 88BEA0A21C15CF74003FCFAE /* ShowChatViewController.swift */; };
		9AEC843FA0060E25D9778CB6 /* Pods_JLChatViewController_Tests.framework in Frameworks */ = {isa = PBXBuildFile; fileRef = 2342AC7B6B87399E074C8467 /* Pods_JLChatViewController_Tests.framework */; };
/* End PBXBuildFile section */

/* Begin PBXContainerItemProxy section */
		607FACE61AFB9204008FA782 /* PBXContainerItemProxy */ = {
			isa = PBXContainerItemProxy;
			containerPortal = 607FACC81AFB9204008FA782 /* Project object */;
			proxyType = 1;
			remoteGlobalIDString = 607FACCF1AFB9204008FA782;
			remoteInfo = JLChatViewController;
		};
/* End PBXContainerItemProxy section */

/* Begin PBXFileReference section */
		021AEE7BDD6CCE3D2FE56347 /* Pods_JLChatViewController_Example.framework */ = {isa = PBXFileReference; explicitFileType = wrapper.framework; includeInIndex = 0; path = Pods_JLChatViewController_Example.framework; sourceTree = BUILT_PRODUCTS_DIR; };
		045BB673C5BFE723B076F858 /* Pods-JLChatViewController_Tests.release.xcconfig */ = {isa = PBXFileReference; includeInIndex = 1; lastKnownFileType = text.xcconfig; name = "Pods-JLChatViewController_Tests.release.xcconfig"; path = "Pods/Target Support Files/Pods-JLChatViewController_Tests/Pods-JLChatViewController_Tests.release.xcconfig"; sourceTree = "<group>"; };
		1681832145316BA46ECD4B37 /* JLChatViewController.podspec */ = {isa = PBXFileReference; includeInIndex = 1; lastKnownFileType = text; name = JLChatViewController.podspec; path = ../JLChatViewController.podspec; sourceTree = "<group>"; };
		2342AC7B6B87399E074C8467 /* Pods_JLChatViewController_Tests.framework */ = {isa = PBXFileReference; explicitFileType = wrapper.framework; includeInIndex = 0; path = Pods_JLChatViewController_Tests.framework; sourceTree = BUILT_PRODUCTS_DIR; };
		42E6A96FBF778E854A46B4E0 /* Pods-JLChatViewController_Tests.debug.xcconfig */ = {isa = PBXFileReference; includeInIndex = 1; lastKnownFileType = text.xcconfig; name = "Pods-JLChatViewController_Tests.debug.xcconfig"; path = "Pods/Target Support Files/Pods-JLChatViewController_Tests/Pods-JLChatViewController_Tests.debug.xcconfig"; sourceTree = "<group>"; };
		579B0B1B201607C10084E519 /* JLChatViewController.framework */ = {isa = PBXFileReference; explicitFileType = wrapper.framework; includeInIndex = 0; path = JLChatViewController.framework; sourceTree = BUILT_PRODUCTS_DIR; };
		579B0B1D201607C10084E519 /* JLChatViewController.h */ = {isa = PBXFileReference; lastKnownFileType = sourcecode.c.h; path = JLChatViewController.h; sourceTree = "<group>"; };
		579B0B1E201607C10084E519 /* Info.plist */ = {isa = PBXFileReference; lastKnownFileType = text.plist.xml; path = Info.plist; sourceTree = "<group>"; };
		579B0B25201609140084E519 /* JLUserTypingView.swift */ = {isa = PBXFileReference; fileEncoding = 4; lastKnownFileType = sourcecode.swift; name = JLUserTypingView.swift; path = ../../Classes/JLUserTypingView.swift; sourceTree = "<group>"; };
		579B0B26201609140084E519 /* JLChatLabel.swift */ = {isa = PBXFileReference; fileEncoding = 4; lastKnownFileType = sourcecode.swift; name = JLChatLabel.swift; path = ../../Classes/JLChatLabel.swift; sourceTree = "<group>"; };
		579B0B27201609140084E519 /* JLChatToolBar.swift */ = {isa = PBXFileReference; fileEncoding = 4; lastKnownFileType = sourcecode.swift; name = JLChatToolBar.swift; path = ../../Classes/JLChatToolBar.swift; sourceTree = "<group>"; };
		579B0B28201609140084E519 /* JLChatTextView.swift */ = {isa = PBXFileReference; fileEncoding = 4; lastKnownFileType = sourcecode.swift; name = JLChatTextView.swift; path = ../../Classes/JLChatTextView.swift; sourceTree = "<group>"; };
		579B0B29201609140084E519 /* JLChatDateView.swift */ = {isa = PBXFileReference; fileEncoding = 4; lastKnownFileType = sourcecode.swift; name = JLChatDateView.swift; path = ../../Classes/JLChatDateView.swift; sourceTree = "<group>"; };
		579B0B2A201609140084E519 /* JLTextMessageCell.swift */ = {isa = PBXFileReference; fileEncoding = 4; lastKnownFileType = sourcecode.swift; name = JLTextMessageCell.swift; path = ../../Classes/JLTextMessageCell.swift; sourceTree = "<group>"; };
		579B0B2B201609140084E519 /* JLCustomTextView.swift */ = {isa = PBXFileReference; fileEncoding = 4; lastKnownFileType = sourcecode.swift; name = JLCustomTextView.swift; path = ../../Classes/JLCustomTextView.swift; sourceTree = "<group>"; };
		579B0B2C201609140084E519 /* JLChatAppearence.swift */ = {isa = PBXFileReference; fileEncoding = 4; lastKnownFileType = sourcecode.swift; name = JLChatAppearence.swift; path = ../../Classes/JLChatAppearence.swift; sourceTree = "<group>"; };
		579B0B2D201609140084E519 /* JLFile.swift */ = {isa = PBXFileReference; fileEncoding = 4; lastKnownFileType = sourcecode.swift; name = JLFile.swift; path = ../../Classes/JLFile.swift; sourceTree = "<group>"; };
		579B0B2E201609140084E519 /* JLFileIndicatorView.swift */ = {isa = PBXFileReference; fileEncoding = 4; lastKnownFileType = sourcecode.swift; name = JLFileIndicatorView.swift; path = ../../Classes/JLFileIndicatorView.swift; sourceTree = "<group>"; };
		579B0B2F201609140084E519 /* JLChatTableView.swift */ = {isa = PBXFileReference; fileEncoding = 4; lastKnownFileType = sourcecode.swift; name = JLChatTableView.swift; path = ../../Classes/JLChatTableView.swift; sourceTree = "<group>"; };
		579B0B30201609140084E519 /* JLMessage.swift */ = {isa = PBXFileReference; fileEncoding = 4; lastKnownFileType = sourcecode.swift; name = JLMessage.swift; path = ../../Classes/JLMessage.swift; sourceTree = "<group>"; };
		579B0B31201609140084E519 /* JLChatViewController.swift */ = {isa = PBXFileReference; fileEncoding = 4; lastKnownFileType = sourcecode.swift; name = JLChatViewController.swift; path = ../../Classes/JLChatViewController.swift; sourceTree = "<group>"; };
		579B0B32201609150084E519 /* JLImageMessageCell.swift */ = {isa = PBXFileReference; fileEncoding = 4; lastKnownFileType = sourcecode.swift; name = JLImageMessageCell.swift; path = ../../Classes/JLImageMessageCell.swift; sourceTree = "<group>"; };
		579B0B33201609150084E519 /* JLChatMessageCell.swift */ = {isa = PBXFileReference; fileEncoding = 4; lastKnownFileType = sourcecode.swift; name = JLChatMessageCell.swift; path = ../../Classes/JLChatMessageCell.swift; sourceTree = "<group>"; };
		579B0B34201609150084E519 /* JLChatImageView.swift */ = {isa = PBXFileReference; fileEncoding = 4; lastKnownFileType = sourcecode.swift; name = JLChatImageView.swift; path = ../../Classes/JLChatImageView.swift; sourceTree = "<group>"; };
		579B0B35201609150084E519 /* JLChatLoadingView.swift */ = {isa = PBXFileReference; fileEncoding = 4; lastKnownFileType = sourcecode.swift; name = JLChatLoadingView.swift; path = ../../Classes/JLChatLoadingView.swift; sourceTree = "<group>"; };
		579B0B36201609150084E519 /* JLBundleController.swift */ = {isa = PBXFileReference; fileEncoding = 4; lastKnownFileType = sourcecode.swift; name = JLBundleController.swift; path = ../../Classes/JLBundleController.swift; sourceTree = "<group>"; };
		607FACD01AFB9204008FA782 /* JLChatViewController_Example.app */ = {isa = PBXFileReference; explicitFileType = wrapper.application; includeInIndex = 0; path = JLChatViewController_Example.app; sourceTree = BUILT_PRODUCTS_DIR; };
		607FACD41AFB9204008FA782 /* Info.plist */ = {isa = PBXFileReference; lastKnownFileType = text.plist.xml; path = Info.plist; sourceTree = "<group>"; };
		607FACD51AFB9204008FA782 /* AppDelegate.swift */ = {isa = PBXFileReference; lastKnownFileType = sourcecode.swift; path = AppDelegate.swift; sourceTree = "<group>"; };
		607FACD71AFB9204008FA782 /* MyViewController.swift */ = {isa = PBXFileReference; lastKnownFileType = sourcecode.swift; path = MyViewController.swift; sourceTree = "<group>"; };
		607FACDA1AFB9204008FA782 /* Base */ = {isa = PBXFileReference; lastKnownFileType = file.storyboard; name = Base; path = Base.lproj/Main.storyboard; sourceTree = "<group>"; };
		607FACDC1AFB9204008FA782 /* Images.xcassets */ = {isa = PBXFileReference; lastKnownFileType = folder.assetcatalog; path = Images.xcassets; sourceTree = "<group>"; };
		607FACDF1AFB9204008FA782 /* Base */ = {isa = PBXFileReference; lastKnownFileType = file.xib; name = Base; path = Base.lproj/LaunchScreen.xib; sourceTree = "<group>"; };
		607FACE51AFB9204008FA782 /* JLChatViewController_Tests.xctest */ = {isa = PBXFileReference; explicitFileType = wrapper.cfbundle; includeInIndex = 0; path = JLChatViewController_Tests.xctest; sourceTree = BUILT_PRODUCTS_DIR; };
		607FACEA1AFB9204008FA782 /* Info.plist */ = {isa = PBXFileReference; lastKnownFileType = text.plist.xml; path = Info.plist; sourceTree = "<group>"; };
		607FACEB1AFB9204008FA782 /* Tests.swift */ = {isa = PBXFileReference; lastKnownFileType = sourcecode.swift; path = Tests.swift; sourceTree = "<group>"; };
		7758CE3933A855D5F71349BE /* Pods-JLChatViewController_Example.release.xcconfig */ = {isa = PBXFileReference; includeInIndex = 1; lastKnownFileType = text.xcconfig; name = "Pods-JLChatViewController_Example.release.xcconfig"; path = "Pods/Target Support Files/Pods-JLChatViewController_Example/Pods-JLChatViewController_Example.release.xcconfig"; sourceTree = "<group>"; };
		84D361A51A70F97BAD129CD9 /* Pods-JLChatViewController_Example.debug.xcconfig */ = {isa = PBXFileReference; includeInIndex = 1; lastKnownFileType = text.xcconfig; name = "Pods-JLChatViewController_Example.debug.xcconfig"; path = "Pods/Target Support Files/Pods-JLChatViewController_Example/Pods-JLChatViewController_Example.debug.xcconfig"; sourceTree = "<group>"; };
		885FCC841C1C3E0D00896797 /* ProductMessageCell.swift */ = {isa = PBXFileReference; fileEncoding = 4; lastKnownFileType = sourcecode.swift; path = ProductMessageCell.swift; sourceTree = "<group>"; };
		885FCC861C1C4E6B00896797 /* ProductMessage.swift */ = {isa = PBXFileReference; fileEncoding = 4; lastKnownFileType = sourcecode.swift; path = ProductMessage.swift; sourceTree = "<group>"; };
		885FCC8B1C1C597900896797 /* IncomingProductMessageCell.xib */ = {isa = PBXFileReference; fileEncoding = 4; lastKnownFileType = file.xib; path = IncomingProductMessageCell.xib; sourceTree = "<group>"; };
		8875AEE01D10D1DE00E230CC /* CustomChatDateView.xib */ = {isa = PBXFileReference; fileEncoding = 4; lastKnownFileType = file.xib; path = CustomChatDateView.xib; sourceTree = "<group>"; };
		8875AEE21D10D2DE00E230CC /* CustomChatDateView.swift */ = {isa = PBXFileReference; fileEncoding = 4; lastKnownFileType = sourcecode.swift; path = CustomChatDateView.swift; sourceTree = "<group>"; };
		8884574D1D46128000544DDE /* CustomImagePickerController.swift */ = {isa = PBXFileReference; fileEncoding = 4; lastKnownFileType = sourcecode.swift; path = CustomImagePickerController.swift; sourceTree = "<group>"; };
		88A423B81D1B62ED00A1E5FF /* UnreadMessHeaderView.xib */ = {isa = PBXFileReference; fileEncoding = 4; lastKnownFileType = file.xib; path = UnreadMessHeaderView.xib; sourceTree = "<group>"; };
		88A423BA1D1B63B700A1E5FF /* UnreadMessHeaderView.swift */ = {isa = PBXFileReference; fileEncoding = 4; lastKnownFileType = sourcecode.swift; path = UnreadMessHeaderView.swift; sourceTree = "<group>"; };
		88A6EA2F1C1BB8F900A5CCDC /* OutgoingProductMessageCell.xib */ = {isa = PBXFileReference; fileEncoding = 4; lastKnownFileType = file.xib; path = OutgoingProductMessageCell.xib; sourceTree = "<group>"; };
		88BEA0951C15B1E3003FCFAE /* JLChatViewController.framework */ = {isa = PBXFileReference; lastKnownFileType = wrapper.framework; name = JLChatViewController.framework; path = "Pods/../build/Debug-iphoneos/JLChatViewController.framework"; sourceTree = "<group>"; };
		88BEA0971C15B26E003FCFAE /* JLChatViewController_Example-Bridging-Header.h */ = {isa = PBXFileReference; lastKnownFileType = sourcecode.c.h; path = "JLChatViewController_Example-Bridging-Header.h"; sourceTree = "<group>"; };
		88BEA09B1C15B616003FCFAE /* JLChatViewController.framework */ = {isa = PBXFileReference; lastKnownFileType = wrapper.framework; name = JLChatViewController.framework; path = "Pods/../build/Debug-iphoneos/JLChatViewController.framework"; sourceTree = "<group>"; };
		88BEA09D1C15C16B003FCFAE /* JLChatViewController.framework */ = {isa = PBXFileReference; lastKnownFileType = wrapper.framework; name = JLChatViewController.framework; path = "Pods/../build/Debug-iphoneos/JLChatViewController.framework"; sourceTree = "<group>"; };
		88BEA0A21C15CF74003FCFAE /* ShowChatViewController.swift */ = {isa = PBXFileReference; fileEncoding = 4; lastKnownFileType = sourcecode.swift; path = ShowChatViewController.swift; sourceTree = "<group>"; };
		96117721490FF23F6EE76C39 /* LICENSE */ = {isa = PBXFileReference; includeInIndex = 1; lastKnownFileType = text; name = LICENSE; path = ../LICENSE; sourceTree = "<group>"; };
		E839DCBAA50769B9CB3DE20C /* README.md */ = {isa = PBXFileReference; includeInIndex = 1; lastKnownFileType = net.daringfireball.markdown; name = README.md; path = ../README.md; sourceTree = "<group>"; };
/* End PBXFileReference section */

/* Begin PBXFrameworksBuildPhase section */
		579B0B17201607C10084E519 /* Frameworks */ = {
			isa = PBXFrameworksBuildPhase;
			buildActionMask = 2147483647;
			files = (
			);
			runOnlyForDeploymentPostprocessing = 0;
		};
		607FACCD1AFB9204008FA782 /* Frameworks */ = {
			isa = PBXFrameworksBuildPhase;
			buildActionMask = 2147483647;
			files = (
				52F375B3D1D8E983F1A9EB49 /* Pods_JLChatViewController_Example.framework in Frameworks */,
			);
			runOnlyForDeploymentPostprocessing = 0;
		};
		607FACE21AFB9204008FA782 /* Frameworks */ = {
			isa = PBXFrameworksBuildPhase;
			buildActionMask = 2147483647;
			files = (
				9AEC843FA0060E25D9778CB6 /* Pods_JLChatViewController_Tests.framework in Frameworks */,
			);
			runOnlyForDeploymentPostprocessing = 0;
		};
/* End PBXFrameworksBuildPhase section */

/* Begin PBXGroup section */
		579B0B1C201607C10084E519 /* JLChatViewController */ = {
			isa = PBXGroup;
			children = (
				579B0B1D201607C10084E519 /* JLChatViewController.h */,
				579B0B36201609150084E519 /* JLBundleController.swift */,
				579B0B2C201609140084E519 /* JLChatAppearence.swift */,
				579B0B29201609140084E519 /* JLChatDateView.swift */,
				579B0B34201609150084E519 /* JLChatImageView.swift */,
				579B0B26201609140084E519 /* JLChatLabel.swift */,
				579B0B35201609150084E519 /* JLChatLoadingView.swift */,
				579B0B33201609150084E519 /* JLChatMessageCell.swift */,
				579B0B2F201609140084E519 /* JLChatTableView.swift */,
				579B0B28201609140084E519 /* JLChatTextView.swift */,
				579B0B27201609140084E519 /* JLChatToolBar.swift */,
				579B0B31201609140084E519 /* JLChatViewController.swift */,
				579B0B2B201609140084E519 /* JLCustomTextView.swift */,
				579B0B2D201609140084E519 /* JLFile.swift */,
				579B0B2E201609140084E519 /* JLFileIndicatorView.swift */,
				579B0B32201609150084E519 /* JLImageMessageCell.swift */,
				579B0B30201609140084E519 /* JLMessage.swift */,
				579B0B2A201609140084E519 /* JLTextMessageCell.swift */,
				579B0B25201609140084E519 /* JLUserTypingView.swift */,
				579B0B1E201607C10084E519 /* Info.plist */,
			);
			path = JLChatViewController;
			sourceTree = "<group>";
		};
		607FACC71AFB9204008FA782 = {
			isa = PBXGroup;
			children = (
				607FACF51AFB993E008FA782 /* Podspec Metadata */,
				607FACD21AFB9204008FA782 /* Example for JLChatViewController */,
				607FACE81AFB9204008FA782 /* Tests */,
				579B0B1C201607C10084E519 /* JLChatViewController */,
				607FACD11AFB9204008FA782 /* Products */,
				71EDAC31ADEB04EE1A4C7DA2 /* Frameworks */,
				6B76E30E995FD30E7187DF8B /* Pods */,
			);
			sourceTree = "<group>";
		};
		607FACD11AFB9204008FA782 /* Products */ = {
			isa = PBXGroup;
			children = (
				607FACD01AFB9204008FA782 /* JLChatViewController_Example.app */,
				607FACE51AFB9204008FA782 /* JLChatViewController_Tests.xctest */,
				579B0B1B201607C10084E519 /* JLChatViewController.framework */,
			);
			name = Products;
			sourceTree = "<group>";
		};
		607FACD21AFB9204008FA782 /* Example for JLChatViewController */ = {
			isa = PBXGroup;
			children = (
				885FCC881C1C517800896797 /* CustomMessages */,
				885FCC831C1C3DE500896797 /* CustomCells */,
				607FACD51AFB9204008FA782 /* AppDelegate.swift */,
				88BEA0A21C15CF74003FCFAE /* ShowChatViewController.swift */,
				607FACD71AFB9204008FA782 /* MyViewController.swift */,
				8884574D1D46128000544DDE /* CustomImagePickerController.swift */,
				607FACD91AFB9204008FA782 /* Main.storyboard */,
				607FACDC1AFB9204008FA782 /* Images.xcassets */,
				607FACDE1AFB9204008FA782 /* LaunchScreen.xib */,
				607FACD31AFB9204008FA782 /* Supporting Files */,
				88BEA0971C15B26E003FCFAE /* JLChatViewController_Example-Bridging-Header.h */,
			);
			name = "Example for JLChatViewController";
			path = JLChatViewController;
			sourceTree = "<group>";
		};
		607FACD31AFB9204008FA782 /* Supporting Files */ = {
			isa = PBXGroup;
			children = (
				607FACD41AFB9204008FA782 /* Info.plist */,
			);
			name = "Supporting Files";
			sourceTree = "<group>";
		};
		607FACE81AFB9204008FA782 /* Tests */ = {
			isa = PBXGroup;
			children = (
				607FACEB1AFB9204008FA782 /* Tests.swift */,
				607FACE91AFB9204008FA782 /* Supporting Files */,
			);
			path = Tests;
			sourceTree = "<group>";
		};
		607FACE91AFB9204008FA782 /* Supporting Files */ = {
			isa = PBXGroup;
			children = (
				607FACEA1AFB9204008FA782 /* Info.plist */,
			);
			name = "Supporting Files";
			sourceTree = "<group>";
		};
		607FACF51AFB993E008FA782 /* Podspec Metadata */ = {
			isa = PBXGroup;
			children = (
				1681832145316BA46ECD4B37 /* JLChatViewController.podspec */,
				E839DCBAA50769B9CB3DE20C /* README.md */,
				96117721490FF23F6EE76C39 /* LICENSE */,
			);
			name = "Podspec Metadata";
			sourceTree = "<group>";
		};
		6B76E30E995FD30E7187DF8B /* Pods */ = {
			isa = PBXGroup;
			children = (
				84D361A51A70F97BAD129CD9 /* Pods-JLChatViewController_Example.debug.xcconfig */,
				7758CE3933A855D5F71349BE /* Pods-JLChatViewController_Example.release.xcconfig */,
				42E6A96FBF778E854A46B4E0 /* Pods-JLChatViewController_Tests.debug.xcconfig */,
				045BB673C5BFE723B076F858 /* Pods-JLChatViewController_Tests.release.xcconfig */,
			);
			name = Pods;
			sourceTree = "<group>";
		};
		71EDAC31ADEB04EE1A4C7DA2 /* Frameworks */ = {
			isa = PBXGroup;
			children = (
				88BEA09D1C15C16B003FCFAE /* JLChatViewController.framework */,
				88BEA09B1C15B616003FCFAE /* JLChatViewController.framework */,
				88BEA0951C15B1E3003FCFAE /* JLChatViewController.framework */,
				021AEE7BDD6CCE3D2FE56347 /* Pods_JLChatViewController_Example.framework */,
				2342AC7B6B87399E074C8467 /* Pods_JLChatViewController_Tests.framework */,
			);
			name = Frameworks;
			sourceTree = "<group>";
		};
		885FCC831C1C3DE500896797 /* CustomCells */ = {
			isa = PBXGroup;
			children = (
				88A6EA2F1C1BB8F900A5CCDC /* OutgoingProductMessageCell.xib */,
				885FCC841C1C3E0D00896797 /* ProductMessageCell.swift */,
				885FCC8B1C1C597900896797 /* IncomingProductMessageCell.xib */,
				8875AEE01D10D1DE00E230CC /* CustomChatDateView.xib */,
				8875AEE21D10D2DE00E230CC /* CustomChatDateView.swift */,
				88A423B81D1B62ED00A1E5FF /* UnreadMessHeaderView.xib */,
				88A423BA1D1B63B700A1E5FF /* UnreadMessHeaderView.swift */,
			);
			name = CustomCells;
			sourceTree = "<group>";
		};
		885FCC881C1C517800896797 /* CustomMessages */ = {
			isa = PBXGroup;
			children = (
				885FCC861C1C4E6B00896797 /* ProductMessage.swift */,
			);
			name = CustomMessages;
			sourceTree = "<group>";
		};
/* End PBXGroup section */

/* Begin PBXHeadersBuildPhase section */
		579B0B18201607C10084E519 /* Headers */ = {
			isa = PBXHeadersBuildPhase;
			buildActionMask = 2147483647;
			files = (
				579B0B1F201607C10084E519 /* JLChatViewController.h in Headers */,
			);
			runOnlyForDeploymentPostprocessing = 0;
		};
/* End PBXHeadersBuildPhase section */

/* Begin PBXNativeTarget section */
		579B0B1A201607C10084E519 /* JLChatViewController */ = {
			isa = PBXNativeTarget;
			buildConfigurationList = 579B0B20201607C10084E519 /* Build configuration list for PBXNativeTarget "JLChatViewController" */;
			buildPhases = (
				579B0B16201607C10084E519 /* Sources */,
				579B0B17201607C10084E519 /* Frameworks */,
				579B0B18201607C10084E519 /* Headers */,
				579B0B19201607C10084E519 /* Resources */,
			);
			buildRules = (
			);
			dependencies = (
			);
			name = JLChatViewController;
			productName = JLChatViewController;
			productReference = 579B0B1B201607C10084E519 /* JLChatViewController.framework */;
			productType = "com.apple.product-type.framework";
		};
		607FACCF1AFB9204008FA782 /* JLChatViewController_Example */ = {
			isa = PBXNativeTarget;
			buildConfigurationList = 607FACEF1AFB9204008FA782 /* Build configuration list for PBXNativeTarget "JLChatViewController_Example" */;
			buildPhases = (
				929E23DE161DD8D0871F6048 /* [CP] Check Pods Manifest.lock */,
				607FACCC1AFB9204008FA782 /* Sources */,
				607FACCD1AFB9204008FA782 /* Frameworks */,
				607FACCE1AFB9204008FA782 /* Resources */,
				2AB5DA13BDA3D515620E6F86 /* [CP] Embed Pods Frameworks */,
				A5DEB0C7CADF42EB3ECA05F6 /* [CP] Copy Pods Resources */,
			);
			buildRules = (
			);
			dependencies = (
			);
			name = JLChatViewController_Example;
			productName = JLChatViewController;
			productReference = 607FACD01AFB9204008FA782 /* JLChatViewController_Example.app */;
			productType = "com.apple.product-type.application";
		};
		607FACE41AFB9204008FA782 /* JLChatViewController_Tests */ = {
			isa = PBXNativeTarget;
			buildConfigurationList = 607FACF21AFB9204008FA782 /* Build configuration list for PBXNativeTarget "JLChatViewController_Tests" */;
			buildPhases = (
				CBF8FED28DFC3B95660ED0C6 /* [CP] Check Pods Manifest.lock */,
				607FACE11AFB9204008FA782 /* Sources */,
				607FACE21AFB9204008FA782 /* Frameworks */,
				607FACE31AFB9204008FA782 /* Resources */,
				29B0E655F4B3776E2478F916 /* [CP] Embed Pods Frameworks */,
				724E4DEE2B2D0910DBD5422A /* [CP] Copy Pods Resources */,
			);
			buildRules = (
			);
			dependencies = (
				607FACE71AFB9204008FA782 /* PBXTargetDependency */,
			);
			name = JLChatViewController_Tests;
			productName = Tests;
			productReference = 607FACE51AFB9204008FA782 /* JLChatViewController_Tests.xctest */;
			productType = "com.apple.product-type.bundle.unit-test";
		};
/* End PBXNativeTarget section */

/* Begin PBXProject section */
		607FACC81AFB9204008FA782 /* Project object */ = {
			isa = PBXProject;
			attributes = {
				LastSwiftUpdateCheck = 0710;
				LastUpgradeCheck = 0730;
				ORGANIZATIONNAME = CocoaPods;
				TargetAttributes = {
					579B0B1A201607C10084E519 = {
						CreatedOnToolsVersion = 9.2;
						LastSwiftMigration = 0920;
						ProvisioningStyle = Automatic;
					};
					607FACCF1AFB9204008FA782 = {
						CreatedOnToolsVersion = 6.3.1;
					};
					607FACE41AFB9204008FA782 = {
						CreatedOnToolsVersion = 6.3.1;
						TestTargetID = 607FACCF1AFB9204008FA782;
					};
				};
			};
			buildConfigurationList = 607FACCB1AFB9204008FA782 /* Build configuration list for PBXProject "JLChatViewController" */;
			compatibilityVersion = "Xcode 3.2";
			developmentRegion = English;
			hasScannedForEncodings = 0;
			knownRegions = (
				en,
				Base,
			);
			mainGroup = 607FACC71AFB9204008FA782;
			productRefGroup = 607FACD11AFB9204008FA782 /* Products */;
			projectDirPath = "";
			projectRoot = "";
			targets = (
				607FACCF1AFB9204008FA782 /* JLChatViewController_Example */,
				607FACE41AFB9204008FA782 /* JLChatViewController_Tests */,
				579B0B1A201607C10084E519 /* JLChatViewController */,
			);
		};
/* End PBXProject section */

/* Begin PBXResourcesBuildPhase section */
		579B0B19201607C10084E519 /* Resources */ = {
			isa = PBXResourcesBuildPhase;
			buildActionMask = 2147483647;
			files = (
			);
			runOnlyForDeploymentPostprocessing = 0;
		};
		607FACCE1AFB9204008FA782 /* Resources */ = {
			isa = PBXResourcesBuildPhase;
			buildActionMask = 2147483647;
			files = (
				607FACDB1AFB9204008FA782 /* Main.storyboard in Resources */,
				88A423B91D1B62ED00A1E5FF /* UnreadMessHeaderView.xib in Resources */,
				8875AEE11D10D1DE00E230CC /* CustomChatDateView.xib in Resources */,
				88A6EA301C1BB8F900A5CCDC /* OutgoingProductMessageCell.xib in Resources */,
				885FCC8C1C1C597900896797 /* IncomingProductMessageCell.xib in Resources */,
				607FACE01AFB9204008FA782 /* LaunchScreen.xib in Resources */,
				607FACDD1AFB9204008FA782 /* Images.xcassets in Resources */,
			);
			runOnlyForDeploymentPostprocessing = 0;
		};
		607FACE31AFB9204008FA782 /* Resources */ = {
			isa = PBXResourcesBuildPhase;
			buildActionMask = 2147483647;
			files = (
			);
			runOnlyForDeploymentPostprocessing = 0;
		};
/* End PBXResourcesBuildPhase section */

/* Begin PBXShellScriptBuildPhase section */
		29B0E655F4B3776E2478F916 /* [CP] Embed Pods Frameworks */ = {
			isa = PBXShellScriptBuildPhase;
			buildActionMask = 2147483647;
			files = (
			);
			inputPaths = (
				"${SRCROOT}/Pods/Target Support Files/Pods-JLChatViewController_Tests/Pods-JLChatViewController_Tests-frameworks.sh",
				"${BUILT_PRODUCTS_DIR}/JLChatViewController/JLChatViewController.framework",
			);
			name = "[CP] Embed Pods Frameworks";
			outputPaths = (
				"${TARGET_BUILD_DIR}/${FRAMEWORKS_FOLDER_PATH}/JLChatViewController.framework",
			);
			runOnlyForDeploymentPostprocessing = 0;
			shellPath = /bin/sh;
			shellScript = "\"${SRCROOT}/Pods/Target Support Files/Pods-JLChatViewController_Tests/Pods-JLChatViewController_Tests-frameworks.sh\"\n";
			showEnvVarsInLog = 0;
		};
		2AB5DA13BDA3D515620E6F86 /* [CP] Embed Pods Frameworks */ = {
			isa = PBXShellScriptBuildPhase;
			buildActionMask = 2147483647;
			files = (
			);
			inputPaths = (
				"${SRCROOT}/Pods/Target Support Files/Pods-JLChatViewController_Example/Pods-JLChatViewController_Example-frameworks.sh",
				"${BUILT_PRODUCTS_DIR}/JLChatViewController/JLChatViewController.framework",
			);
			name = "[CP] Embed Pods Frameworks";
			outputPaths = (
				"${TARGET_BUILD_DIR}/${FRAMEWORKS_FOLDER_PATH}/JLChatViewController.framework",
			);
			runOnlyForDeploymentPostprocessing = 0;
			shellPath = /bin/sh;
			shellScript = "\"${SRCROOT}/Pods/Target Support Files/Pods-JLChatViewController_Example/Pods-JLChatViewController_Example-frameworks.sh\"\n";
			showEnvVarsInLog = 0;
		};
		724E4DEE2B2D0910DBD5422A /* [CP] Copy Pods Resources */ = {
			isa = PBXShellScriptBuildPhase;
			buildActionMask = 2147483647;
			files = (
			);
			inputPaths = (
			);
			name = "[CP] Copy Pods Resources";
			outputPaths = (
			);
			runOnlyForDeploymentPostprocessing = 0;
			shellPath = /bin/sh;
			shellScript = "\"${SRCROOT}/Pods/Target Support Files/Pods-JLChatViewController_Tests/Pods-JLChatViewController_Tests-resources.sh\"\n";
			showEnvVarsInLog = 0;
		};
		929E23DE161DD8D0871F6048 /* [CP] Check Pods Manifest.lock */ = {
			isa = PBXShellScriptBuildPhase;
			buildActionMask = 2147483647;
			files = (
			);
			inputPaths = (
				"${PODS_PODFILE_DIR_PATH}/Podfile.lock",
				"${PODS_ROOT}/Manifest.lock",
			);
			name = "[CP] Check Pods Manifest.lock";
			outputPaths = (
				"$(DERIVED_FILE_DIR)/Pods-JLChatViewController_Example-checkManifestLockResult.txt",
			);
			runOnlyForDeploymentPostprocessing = 0;
			shellPath = /bin/sh;
			shellScript = "diff \"${PODS_PODFILE_DIR_PATH}/Podfile.lock\" \"${PODS_ROOT}/Manifest.lock\" > /dev/null\nif [ $? != 0 ] ; then\n    # print error to STDERR\n    echo \"error: The sandbox is not in sync with the Podfile.lock. Run 'pod install' or update your CocoaPods installation.\" >&2\n    exit 1\nfi\n# This output is used by Xcode 'outputs' to avoid re-running this script phase.\necho \"SUCCESS\" > \"${SCRIPT_OUTPUT_FILE_0}\"\n";
			showEnvVarsInLog = 0;
		};
		A5DEB0C7CADF42EB3ECA05F6 /* [CP] Copy Pods Resources */ = {
			isa = PBXShellScriptBuildPhase;
			buildActionMask = 2147483647;
			files = (
			);
			inputPaths = (
			);
			name = "[CP] Copy Pods Resources";
			outputPaths = (
			);
			runOnlyForDeploymentPostprocessing = 0;
			shellPath = /bin/sh;
			shellScript = "\"${SRCROOT}/Pods/Target Support Files/Pods-JLChatViewController_Example/Pods-JLChatViewController_Example-resources.sh\"\n";
			showEnvVarsInLog = 0;
		};
		CBF8FED28DFC3B95660ED0C6 /* [CP] Check Pods Manifest.lock */ = {
			isa = PBXShellScriptBuildPhase;
			buildActionMask = 2147483647;
			files = (
			);
			inputPaths = (
				"${PODS_PODFILE_DIR_PATH}/Podfile.lock",
				"${PODS_ROOT}/Manifest.lock",
			);
			name = "[CP] Check Pods Manifest.lock";
			outputPaths = (
				"$(DERIVED_FILE_DIR)/Pods-JLChatViewController_Tests-checkManifestLockResult.txt",
			);
			runOnlyForDeploymentPostprocessing = 0;
			shellPath = /bin/sh;
			shellScript = "diff \"${PODS_PODFILE_DIR_PATH}/Podfile.lock\" \"${PODS_ROOT}/Manifest.lock\" > /dev/null\nif [ $? != 0 ] ; then\n    # print error to STDERR\n    echo \"error: The sandbox is not in sync with the Podfile.lock. Run 'pod install' or update your CocoaPods installation.\" >&2\n    exit 1\nfi\n# This output is used by Xcode 'outputs' to avoid re-running this script phase.\necho \"SUCCESS\" > \"${SCRIPT_OUTPUT_FILE_0}\"\n";
			showEnvVarsInLog = 0;
		};
/* End PBXShellScriptBuildPhase section */

/* Begin PBXSourcesBuildPhase section */
		579B0B16201607C10084E519 /* Sources */ = {
			isa = PBXSourcesBuildPhase;
			buildActionMask = 2147483647;
			files = (
				579B0B3B201609150084E519 /* JLChatDateView.swift in Sources */,
				579B0B41201609150084E519 /* JLChatTableView.swift in Sources */,
				579B0B3D201609150084E519 /* JLCustomTextView.swift in Sources */,
				579B0B40201609150084E519 /* JLFileIndicatorView.swift in Sources */,
				579B0B46201609150084E519 /* JLChatImageView.swift in Sources */,
				579B0B38201609150084E519 /* JLChatLabel.swift in Sources */,
				579B0B43201609150084E519 /* JLChatViewController.swift in Sources */,
				579B0B48201609150084E519 /* JLBundleController.swift in Sources */,
				579B0B47201609150084E519 /* JLChatLoadingView.swift in Sources */,
				579B0B45201609150084E519 /* JLChatMessageCell.swift in Sources */,
				579B0B42201609150084E519 /* JLMessage.swift in Sources */,
				579B0B3E201609150084E519 /* JLChatAppearence.swift in Sources */,
				579B0B3A201609150084E519 /* JLChatTextView.swift in Sources */,
				579B0B37201609150084E519 /* JLUserTypingView.swift in Sources */,
				579B0B3C201609150084E519 /* JLTextMessageCell.swift in Sources */,
				579B0B3F201609150084E519 /* JLFile.swift in Sources */,
				579B0B39201609150084E519 /* JLChatToolBar.swift in Sources */,
				579B0B44201609150084E519 /* JLImageMessageCell.swift in Sources */,
			);
			runOnlyForDeploymentPostprocessing = 0;
		};
		607FACCC1AFB9204008FA782 /* Sources */ = {
			isa = PBXSourcesBuildPhase;
			buildActionMask = 2147483647;
			files = (
				607FACD81AFB9204008FA782 /* MyViewController.swift in Sources */,
				8875AEE31D10D2DE00E230CC /* CustomChatDateView.swift in Sources */,
				885FCC871C1C4E6B00896797 /* ProductMessage.swift in Sources */,
				88A423BB1D1B63B700A1E5FF /* UnreadMessHeaderView.swift in Sources */,
				8884574E1D46128000544DDE /* CustomImagePickerController.swift in Sources */,
				885FCC851C1C3E0D00896797 /* ProductMessageCell.swift in Sources */,
				607FACD61AFB9204008FA782 /* AppDelegate.swift in Sources */,
				88BEA0A31C15CF74003FCFAE /* ShowChatViewController.swift in Sources */,
			);
			runOnlyForDeploymentPostprocessing = 0;
		};
		607FACE11AFB9204008FA782 /* Sources */ = {
			isa = PBXSourcesBuildPhase;
			buildActionMask = 2147483647;
			files = (
				607FACEC1AFB9204008FA782 /* Tests.swift in Sources */,
			);
			runOnlyForDeploymentPostprocessing = 0;
		};
/* End PBXSourcesBuildPhase section */

/* Begin PBXTargetDependency section */
		607FACE71AFB9204008FA782 /* PBXTargetDependency */ = {
			isa = PBXTargetDependency;
			target = 607FACCF1AFB9204008FA782 /* JLChatViewController_Example */;
			targetProxy = 607FACE61AFB9204008FA782 /* PBXContainerItemProxy */;
		};
/* End PBXTargetDependency section */

/* Begin PBXVariantGroup section */
		607FACD91AFB9204008FA782 /* Main.storyboard */ = {
			isa = PBXVariantGroup;
			children = (
				607FACDA1AFB9204008FA782 /* Base */,
			);
			name = Main.storyboard;
			sourceTree = "<group>";
		};
		607FACDE1AFB9204008FA782 /* LaunchScreen.xib */ = {
			isa = PBXVariantGroup;
			children = (
				607FACDF1AFB9204008FA782 /* Base */,
			);
			name = LaunchScreen.xib;
			sourceTree = "<group>";
		};
/* End PBXVariantGroup section */

/* Begin XCBuildConfiguration section */
		579B0B21201607C10084E519 /* Debug */ = {
			isa = XCBuildConfiguration;
			buildSettings = {
				CLANG_ANALYZER_NONNULL = YES;
				CLANG_ANALYZER_NUMBER_OBJECT_CONVERSION = YES_AGGRESSIVE;
				CLANG_CXX_LANGUAGE_STANDARD = "gnu++14";
				CLANG_ENABLE_MODULES = YES;
				CLANG_WARN_BLOCK_CAPTURE_AUTORELEASING = YES;
				CLANG_WARN_COMMA = YES;
				CLANG_WARN_DOCUMENTATION_COMMENTS = YES;
				CLANG_WARN_INFINITE_RECURSION = YES;
				CLANG_WARN_NON_LITERAL_NULL_CONVERSION = YES;
				CLANG_WARN_OBJC_LITERAL_CONVERSION = YES;
				CLANG_WARN_RANGE_LOOP_ANALYSIS = YES;
				CLANG_WARN_STRICT_PROTOTYPES = YES;
				CLANG_WARN_SUSPICIOUS_MOVE = YES;
				CLANG_WARN_UNGUARDED_AVAILABILITY = YES_AGGRESSIVE;
				CODE_SIGN_IDENTITY = "iPhone Developer";
				CODE_SIGN_STYLE = Automatic;
				CURRENT_PROJECT_VERSION = 1;
				DEBUG_INFORMATION_FORMAT = dwarf;
				DEFINES_MODULE = YES;
				DYLIB_COMPATIBILITY_VERSION = 1;
				DYLIB_CURRENT_VERSION = 1;
				DYLIB_INSTALL_NAME_BASE = "@rpath";
				GCC_C_LANGUAGE_STANDARD = gnu11;
				INFOPLIST_FILE = JLChatViewController/Info.plist;
				INSTALL_PATH = "$(LOCAL_LIBRARY_DIR)/Frameworks";
				IPHONEOS_DEPLOYMENT_TARGET = 8.0;
				LD_RUNPATH_SEARCH_PATHS = "$(inherited) @executable_path/Frameworks @loader_path/Frameworks";
				PRODUCT_BUNDLE_IDENTIFIER = org.cocoapods.JLChatViewController;
				PRODUCT_NAME = "$(TARGET_NAME:c99extidentifier)";
				SKIP_INSTALL = YES;
				SWIFT_ACTIVE_COMPILATION_CONDITIONS = DEBUG;
				SWIFT_OPTIMIZATION_LEVEL = "-Onone";
				TARGETED_DEVICE_FAMILY = "1,2";
				VERSIONING_SYSTEM = "apple-generic";
				VERSION_INFO_PREFIX = "";
			};
			name = Debug;
		};
		579B0B22201607C10084E519 /* Release */ = {
			isa = XCBuildConfiguration;
			buildSettings = {
				CLANG_ANALYZER_NONNULL = YES;
				CLANG_ANALYZER_NUMBER_OBJECT_CONVERSION = YES_AGGRESSIVE;
				CLANG_CXX_LANGUAGE_STANDARD = "gnu++14";
				CLANG_ENABLE_MODULES = YES;
				CLANG_WARN_BLOCK_CAPTURE_AUTORELEASING = YES;
				CLANG_WARN_COMMA = YES;
				CLANG_WARN_DOCUMENTATION_COMMENTS = YES;
				CLANG_WARN_INFINITE_RECURSION = YES;
				CLANG_WARN_NON_LITERAL_NULL_CONVERSION = YES;
				CLANG_WARN_OBJC_LITERAL_CONVERSION = YES;
				CLANG_WARN_RANGE_LOOP_ANALYSIS = YES;
				CLANG_WARN_STRICT_PROTOTYPES = YES;
				CLANG_WARN_SUSPICIOUS_MOVE = YES;
				CLANG_WARN_UNGUARDED_AVAILABILITY = YES_AGGRESSIVE;
				CODE_SIGN_IDENTITY = "iPhone Developer";
				CODE_SIGN_STYLE = Automatic;
				CURRENT_PROJECT_VERSION = 1;
				DEFINES_MODULE = YES;
				DYLIB_COMPATIBILITY_VERSION = 1;
				DYLIB_CURRENT_VERSION = 1;
				DYLIB_INSTALL_NAME_BASE = "@rpath";
				GCC_C_LANGUAGE_STANDARD = gnu11;
				INFOPLIST_FILE = JLChatViewController/Info.plist;
				INSTALL_PATH = "$(LOCAL_LIBRARY_DIR)/Frameworks";
				IPHONEOS_DEPLOYMENT_TARGET = 8.0;
				LD_RUNPATH_SEARCH_PATHS = "$(inherited) @executable_path/Frameworks @loader_path/Frameworks";
				PRODUCT_BUNDLE_IDENTIFIER = org.cocoapods.JLChatViewController;
				PRODUCT_NAME = "$(TARGET_NAME:c99extidentifier)";
				SKIP_INSTALL = YES;
				SWIFT_OPTIMIZATION_LEVEL = "-Owholemodule";
				TARGETED_DEVICE_FAMILY = "1,2";
				VERSIONING_SYSTEM = "apple-generic";
				VERSION_INFO_PREFIX = "";
			};
			name = Release;
		};
		607FACED1AFB9204008FA782 /* Debug */ = {
			isa = XCBuildConfiguration;
			buildSettings = {
				ALWAYS_SEARCH_USER_PATHS = NO;
				CLANG_CXX_LANGUAGE_STANDARD = "gnu++0x";
				CLANG_CXX_LIBRARY = "libc++";
				CLANG_ENABLE_MODULES = YES;
				CLANG_ENABLE_OBJC_ARC = YES;
				CLANG_WARN_BOOL_CONVERSION = YES;
				CLANG_WARN_CONSTANT_CONVERSION = YES;
				CLANG_WARN_DIRECT_OBJC_ISA_USAGE = YES_ERROR;
				CLANG_WARN_EMPTY_BODY = YES;
				CLANG_WARN_ENUM_CONVERSION = YES;
				CLANG_WARN_INT_CONVERSION = YES;
				CLANG_WARN_OBJC_ROOT_CLASS = YES_ERROR;
				CLANG_WARN_UNREACHABLE_CODE = YES;
				CLANG_WARN__DUPLICATE_METHOD_MATCH = YES;
				"CODE_SIGN_IDENTITY[sdk=iphoneos*]" = "iPhone Developer";
				COPY_PHASE_STRIP = NO;
				DEBUG_INFORMATION_FORMAT = "dwarf-with-dsym";
				ENABLE_STRICT_OBJC_MSGSEND = YES;
				ENABLE_TESTABILITY = YES;
				GCC_C_LANGUAGE_STANDARD = gnu99;
				GCC_DYNAMIC_NO_PIC = NO;
				GCC_NO_COMMON_BLOCKS = YES;
				GCC_OPTIMIZATION_LEVEL = 0;
				GCC_PREPROCESSOR_DEFINITIONS = (
					"DEBUG=1",
					"$(inherited)",
				);
				GCC_SYMBOLS_PRIVATE_EXTERN = NO;
				GCC_WARN_64_TO_32_BIT_CONVERSION = YES;
				GCC_WARN_ABOUT_RETURN_TYPE = YES_ERROR;
				GCC_WARN_UNDECLARED_SELECTOR = YES;
				GCC_WARN_UNINITIALIZED_AUTOS = YES_AGGRESSIVE;
				GCC_WARN_UNUSED_FUNCTION = YES;
				GCC_WARN_UNUSED_VARIABLE = YES;
				IPHONEOS_DEPLOYMENT_TARGET = 8.3;
				MTL_ENABLE_DEBUG_INFO = YES;
				ONLY_ACTIVE_ARCH = YES;
				SDKROOT = iphoneos;
				SWIFT_OPTIMIZATION_LEVEL = "-Onone";
				SWIFT_VERSION = 4.0;
			};
			name = Debug;
		};
		607FACEE1AFB9204008FA782 /* Release */ = {
			isa = XCBuildConfiguration;
			buildSettings = {
				ALWAYS_SEARCH_USER_PATHS = NO;
				CLANG_CXX_LANGUAGE_STANDARD = "gnu++0x";
				CLANG_CXX_LIBRARY = "libc++";
				CLANG_ENABLE_MODULES = YES;
				CLANG_ENABLE_OBJC_ARC = YES;
				CLANG_WARN_BOOL_CONVERSION = YES;
				CLANG_WARN_CONSTANT_CONVERSION = YES;
				CLANG_WARN_DIRECT_OBJC_ISA_USAGE = YES_ERROR;
				CLANG_WARN_EMPTY_BODY = YES;
				CLANG_WARN_ENUM_CONVERSION = YES;
				CLANG_WARN_INT_CONVERSION = YES;
				CLANG_WARN_OBJC_ROOT_CLASS = YES_ERROR;
				CLANG_WARN_UNREACHABLE_CODE = YES;
				CLANG_WARN__DUPLICATE_METHOD_MATCH = YES;
				"CODE_SIGN_IDENTITY[sdk=iphoneos*]" = "iPhone Developer";
				COPY_PHASE_STRIP = NO;
				DEBUG_INFORMATION_FORMAT = "dwarf-with-dsym";
				ENABLE_NS_ASSERTIONS = NO;
				ENABLE_STRICT_OBJC_MSGSEND = YES;
				GCC_C_LANGUAGE_STANDARD = gnu99;
				GCC_NO_COMMON_BLOCKS = YES;
				GCC_WARN_64_TO_32_BIT_CONVERSION = YES;
				GCC_WARN_ABOUT_RETURN_TYPE = YES_ERROR;
				GCC_WARN_UNDECLARED_SELECTOR = YES;
				GCC_WARN_UNINITIALIZED_AUTOS = YES_AGGRESSIVE;
				GCC_WARN_UNUSED_FUNCTION = YES;
				GCC_WARN_UNUSED_VARIABLE = YES;
				IPHONEOS_DEPLOYMENT_TARGET = 8.3;
				MTL_ENABLE_DEBUG_INFO = NO;
				SDKROOT = iphoneos;
				SWIFT_VERSION = 4.0;
				VALIDATE_PRODUCT = YES;
			};
			name = Release;
		};
		607FACF01AFB9204008FA782 /* Debug */ = {
			isa = XCBuildConfiguration;
			baseConfigurationReference = 84D361A51A70F97BAD129CD9 /* Pods-JLChatViewController_Example.debug.xcconfig */;
			buildSettings = {
				ASSETCATALOG_COMPILER_APPICON_NAME = AppIcon;
				CLANG_ENABLE_MODULES = YES;
				FRAMEWORK_SEARCH_PATHS = "$(inherited)";
				INFOPLIST_FILE = JLChatViewController/Info.plist;
				IPHONEOS_DEPLOYMENT_TARGET = 9.3;
				LD_RUNPATH_SEARCH_PATHS = "$(inherited) @executable_path/Frameworks";
				MODULE_NAME = ExampleApp;
				PRODUCT_BUNDLE_IDENTIFIER = "org.cocoapods.demo.$(PRODUCT_NAME:rfc1034identifier)";
				PRODUCT_NAME = "$(TARGET_NAME)";
				SWIFT_OBJC_BRIDGING_HEADER = "JLChatViewController/JLChatViewController_Example-Bridging-Header.h";
				SWIFT_OPTIMIZATION_LEVEL = "-Onone";
			};
			name = Debug;
		};
		607FACF11AFB9204008FA782 /* Release */ = {
			isa = XCBuildConfiguration;
			baseConfigurationReference = 7758CE3933A855D5F71349BE /* Pods-JLChatViewController_Example.release.xcconfig */;
			buildSettings = {
				ASSETCATALOG_COMPILER_APPICON_NAME = AppIcon;
				CLANG_ENABLE_MODULES = YES;
				FRAMEWORK_SEARCH_PATHS = "$(inherited)";
				INFOPLIST_FILE = JLChatViewController/Info.plist;
				IPHONEOS_DEPLOYMENT_TARGET = 9.3;
				LD_RUNPATH_SEARCH_PATHS = "$(inherited) @executable_path/Frameworks";
				MODULE_NAME = ExampleApp;
				PRODUCT_BUNDLE_IDENTIFIER = "org.cocoapods.demo.$(PRODUCT_NAME:rfc1034identifier)";
				PRODUCT_NAME = "$(TARGET_NAME)";
				SWIFT_OBJC_BRIDGING_HEADER = "JLChatViewController/JLChatViewController_Example-Bridging-Header.h";
			};
			name = Release;
		};
		607FACF31AFB9204008FA782 /* Debug */ = {
			isa = XCBuildConfiguration;
			baseConfigurationReference = 42E6A96FBF778E854A46B4E0 /* Pods-JLChatViewController_Tests.debug.xcconfig */;
			buildSettings = {
				BUNDLE_LOADER = "$(TEST_HOST)";
				FRAMEWORK_SEARCH_PATHS = "$(inherited)";
				GCC_PREPROCESSOR_DEFINITIONS = (
					"DEBUG=1",
					"$(inherited)",
				);
				INFOPLIST_FILE = Tests/Info.plist;
				LD_RUNPATH_SEARCH_PATHS = "$(inherited) @executable_path/Frameworks @loader_path/Frameworks";
				PRODUCT_BUNDLE_IDENTIFIER = "org.cocoapods.$(PRODUCT_NAME:rfc1034identifier)";
				PRODUCT_NAME = "$(TARGET_NAME)";
				TEST_HOST = "$(BUILT_PRODUCTS_DIR)/JLChatViewController_Example.app/JLChatViewController_Example";
			};
			name = Debug;
		};
		607FACF41AFB9204008FA782 /* Release */ = {
			isa = XCBuildConfiguration;
			baseConfigurationReference = 045BB673C5BFE723B076F858 /* Pods-JLChatViewController_Tests.release.xcconfig */;
			buildSettings = {
				BUNDLE_LOADER = "$(TEST_HOST)";
				FRAMEWORK_SEARCH_PATHS = "$(inherited)";
				INFOPLIST_FILE = Tests/Info.plist;
				LD_RUNPATH_SEARCH_PATHS = "$(inherited) @executable_path/Frameworks @loader_path/Frameworks";
				PRODUCT_BUNDLE_IDENTIFIER = "org.cocoapods.$(PRODUCT_NAME:rfc1034identifier)";
				PRODUCT_NAME = "$(TARGET_NAME)";
				TEST_HOST = "$(BUILT_PRODUCTS_DIR)/JLChatViewController_Example.app/JLChatViewController_Example";
			};
			name = Release;
		};
/* End XCBuildConfiguration section */

/* Begin XCConfigurationList section */
		579B0B20201607C10084E519 /* Build configuration list for PBXNativeTarget "JLChatViewController" */ = {
			isa = XCConfigurationList;
			buildConfigurations = (
				579B0B21201607C10084E519 /* Debug */,
				579B0B22201607C10084E519 /* Release */,
			);
			defaultConfigurationIsVisible = 0;
			defaultConfigurationName = Release;
		};
		607FACCB1AFB9204008FA782 /* Build configuration list for PBXProject "JLChatViewController" */ = {
			isa = XCConfigurationList;
			buildConfigurations = (
				607FACED1AFB9204008FA782 /* Debug */,
				607FACEE1AFB9204008FA782 /* Release */,
			);
			defaultConfigurationIsVisible = 0;
			defaultConfigurationName = Release;
		};
		607FACEF1AFB9204008FA782 /* Build configuration list for PBXNativeTarget "JLChatViewController_Example" */ = {
			isa = XCConfigurationList;
			buildConfigurations = (
				607FACF01AFB9204008FA782 /* Debug */,
				607FACF11AFB9204008FA782 /* Release */,
			);
			defaultConfigurationIsVisible = 0;
			defaultConfigurationName = Release;
		};
		607FACF21AFB9204008FA782 /* Build configuration list for PBXNativeTarget "JLChatViewController_Tests" */ = {
			isa = XCConfigurationList;
			buildConfigurations = (
				607FACF31AFB9204008FA782 /* Debug */,
				607FACF41AFB9204008FA782 /* Release */,
			);
			defaultConfigurationIsVisible = 0;
			defaultConfigurationName = Release;
		};
/* End XCConfigurationList section */
	};
	rootObject = 607FACC81AFB9204008FA782 /* Project object */;
}
